
Microsoft Visual Studio Solution File, Format Version 12.00
# Visual Studio 14
VisualStudioVersion = 14.0.25420.1
MinimumVisualStudioVersion = 10.0.40219.1
Project("{FAE04EC0-301F-11D3-BF4B-00C04F79EFBC}") = "XrmCommandBox", "XrmCommandBox\XrmCommandBox.csproj", "{378D6EF5-E2E3-4151-9D1A-EE184B549220}"
EndProject
Project("{FAE04EC0-301F-11D3-BF4B-00C04F79EFBC}") = "XrmCommandBox.Tests", "XrmCommandBox.Tests\XrmCommandBox.Tests.csproj", "{D6744BF4-249D-41EE-85C5-35F0B78C223B}"
EndProject
Project("{FAE04EC0-301F-11D3-BF4B-00C04F79EFBC}") = "XrmCommandBox.IntegrationTests", "XrmCommandBox.IntegrationTests\XrmCommandBox.IntegrationTests.csproj", "{9DBB689D-3FA8-4829-9340-024E9304F71F}"
EndProject
Project("{2150E333-8FDC-42A3-9474-1A3956D46DE8}") = "Solution Items", "Solution Items", "{934546C2-8381-410A-9A76-0AAE3F8D2897}"
	ProjectSection(SolutionItems) = preProject
		..\README.md = ..\README.md
	EndProjectSection
EndProject
Project("{FAE04EC0-301F-11D3-BF4B-00C04F79EFBC}") = "DocGenerator", "DocGenerator\DocGenerator.csproj", "{D4B40293-0791-4333-AE70-841D5386B691}"
EndProject
Global
	GlobalSection(SolutionConfigurationPlatforms) = preSolution
		Debug|Any CPU = Debug|Any CPU
		Release|Any CPU = Release|Any CPU
	EndGlobalSection
	GlobalSection(ProjectConfigurationPlatforms) = postSolution
		{378D6EF5-E2E3-4151-9D1A-EE184B549220}.Debug|Any CPU.ActiveCfg = Debug|Any CPU
		{378D6EF5-E2E3-4151-9D1A-EE184B549220}.Debug|Any CPU.Build.0 = Debug|Any CPU
		{378D6EF5-E2E3-4151-9D1A-EE184B549220}.Release|Any CPU.ActiveCfg = Release|Any CPU
		{378D6EF5-E2E3-4151-9D1A-EE184B549220}.Release|Any CPU.Build.0 = Release|Any CPU
		{D6744BF4-249D-41EE-85C5-35F0B78C223B}.Debug|Any CPU.ActiveCfg = Debug|Any CPU
		{D6744BF4-249D-41EE-85C5-35F0B78C223B}.Debug|Any CPU.Build.0 = Debug|Any CPU
		{D6744BF4-249D-41EE-85C5-35F0B78C223B}.Release|Any CPU.ActiveCfg = Release|Any CPU
		{D6744BF4-249D-41EE-85C5-35F0B78C223B}.Release|Any CPU.Build.0 = Release|Any CPU
		{9DBB689D-3FA8-4829-9340-024E9304F71F}.Debug|Any CPU.ActiveCfg = Debug|Any CPU
		{9DBB689D-3FA8-4829-9340-024E9304F71F}.Debug|Any CPU.Build.0 = Debug|Any CPU
		{9DBB689D-3FA8-4829-9340-024E9304F71F}.Release|Any CPU.ActiveCfg = Release|Any CPU
		{9DBB689D-3FA8-4829-9340-024E9304F71F}.Release|Any CPU.Build.0 = Release|Any CPU
		{D4B40293-0791-4333-AE70-841D5386B691}.Debug|Any CPU.ActiveCfg = Debug|Any CPU
		{D4B40293-0791-4333-AE70-841D5386B691}.Debug|Any CPU.Build.0 = Debug|Any CPU
		{D4B40293-0791-4333-AE70-841D5386B691}.Release|Any CPU.ActiveCfg = Release|Any CPU
		{D4B40293-0791-4333-AE70-841D5386B691}.Release|Any CPU.Build.0 = Release|Any CPU
	EndGlobalSection
	GlobalSection(SolutionProperties) = preSolution
		HideSolutionNode = FALSE
	EndGlobalSection
EndGlobal
